// !$*UTF8*$!
{
	archiveVersion = 1;
	classes = {
	};
	objectVersion = 46;
	objects = {

/* Begin PBXBuildFile section */
		4F8A63931EDF28AA00CCFA77 /* AppDelegate.swift in Sources */ = {isa = PBXBuildFile; fileRef = 4F8A63921EDF28AA00CCFA77 /* AppDelegate.swift */; };
		4F8A63951EDF28AA00CCFA77 /* ViewController.swift in Sources */ = {isa = PBXBuildFile; fileRef = 4F8A63941EDF28AA00CCFA77 /* ViewController.swift */; };
		4F8A63981EDF28AA00CCFA77 /* Main.storyboard in Resources */ = {isa = PBXBuildFile; fileRef = 4F8A63961EDF28AA00CCFA77 /* Main.storyboard */; };
		4F8A639A1EDF28AA00CCFA77 /* Assets.xcassets in Resources */ = {isa = PBXBuildFile; fileRef = 4F8A63991EDF28AA00CCFA77 /* Assets.xcassets */; };
		4F8A639D1EDF28AA00CCFA77 /* LaunchScreen.storyboard in Resources */ = {isa = PBXBuildFile; fileRef = 4F8A639B1EDF28AA00CCFA77 /* LaunchScreen.storyboard */; };
		4F8A63A81EDF28AA00CCFA77 /* FoodTrackerTests.swift in Sources */ = {isa = PBXBuildFile; fileRef = 4F8A63A71EDF28AA00CCFA77 /* FoodTrackerTests.swift */; };
/* End PBXBuildFile section */

/* Begin PBXContainerItemProxy section */
		4F8A63A41EDF28AA00CCFA77 /* PBXContainerItemProxy */ = {
			isa = PBXContainerItemProxy;
			containerPortal = 4F8A63871EDF28A900CCFA77 /* Project object */;
			proxyType = 1;
			remoteGlobalIDString = 4F8A638E1EDF28A900CCFA77;
			remoteInfo = FoodTracker;
		};
/* End PBXContainerItemProxy section */

/* Begin PBXFileReference section */
		4F8A638F1EDF28AA00CCFA77 /* FoodTracker.app */ = {isa = PBXFileReference; explicitFileType = wrapper.application; includeInIndex = 0; path = FoodTracker.app; sourceTree = BUILT_PRODUCTS_DIR; };
		4F8A63921EDF28AA00CCFA77 /* AppDelegate.swift */ = {isa = PBXFileReference; lastKnownFileType = sourcecode.swift; path = AppDelegate.swift; sourceTree = "<group>"; };
		4F8A63941EDF28AA00CCFA77 /* ViewController.swift */ = {isa = PBXFileReference; lastKnownFileType = sourcecode.swift; path = ViewController.swift; sourceTree = "<group>"; };
		4F8A63971EDF28AA00CCFA77 /* Base */ = {isa = PBXFileReference; lastKnownFileType = file.storyboard; name = Base; path = Base.lproj/Main.storyboard; sourceTree = "<group>"; };
		4F8A63991EDF28AA00CCFA77 /* Assets.xcassets */ = {isa = PBXFileReference; lastKnownFileType = folder.assetcatalog; path = Assets.xcassets; sourceTree = "<group>"; };
		4F8A639C1EDF28AA00CCFA77 /* Base */ = {isa = PBXFileReference; lastKnownFileType = file.storyboard; name = Base; path = Base.lproj/LaunchScreen.storyboard; sourceTree = "<group>"; };
		4F8A639E1EDF28AA00CCFA77 /* Info.plist */ = {isa = PBXFileReference; lastKnownFileType = text.plist.xml; path = Info.plist; sourceTree = "<group>"; };
		4F8A63A31EDF28AA00CCFA77 /* FoodTrackerTests.xctest */ = {isa = PBXFileReference; explicitFileType = wrapper.cfbundle; includeInIndex = 0; path = FoodTrackerTests.xctest; sourceTree = BUILT_PRODUCTS_DIR; };
		4F8A63A71EDF28AA00CCFA77 /* FoodTrackerTests.swift */ = {isa = PBXFileReference; lastKnownFileType = sourcecode.swift; path = FoodTrackerTests.swift; sourceTree = "<group>"; };
		4F8A63A91EDF28AA00CCFA77 /* Info.plist */ = {isa = PBXFileReference; lastKnownFileType = text.plist.xml; path = Info.plist; sourceTree = "<group>"; };
/* End PBXFileReference section */

/* Begin PBXFrameworksBuildPhase section */
		4F8A638C1EDF28A900CCFA77 /* Frameworks */ = {
			isa = PBXFrameworksBuildPhase;
			buildActionMask = 2147483647;
			files = (
			);
			runOnlyForDeploymentPostprocessing = 0;
		};
		4F8A63A01EDF28AA00CCFA77 /* Frameworks */ = {
			isa = PBXFrameworksBuildPhase;
			buildActionMask = 2147483647;
			files = (
			);
			runOnlyForDeploymentPostprocessing = 0;
		};
/* End PBXFrameworksBuildPhase section */

/* Begin PBXGroup section */
		4F8A63861EDF28A900CCFA77 = {
			isa = PBXGroup;
			children = (
				4F8A63911EDF28AA00CCFA77 /* FoodTracker */,
				4F8A63A61EDF28AA00CCFA77 /* FoodTrackerTests */,
				4F8A63901EDF28AA00CCFA77 /* Products */,
			);
			sourceTree = "<group>";
		};
		4F8A63901EDF28AA00CCFA77 /* Products */ = {
			isa = PBXGroup;
			children = (
				4F8A638F1EDF28AA00CCFA77 /* FoodTracker.app */,
				4F8A63A31EDF28AA00CCFA77 /* FoodTrackerTests.xctest */,
			);
			name = Products;
			sourceTree = "<group>";
		};
		4F8A63911EDF28AA00CCFA77 /* FoodTracker */ = {
			isa = PBXGroup;
			children = (
				4F8A63921EDF28AA00CCFA77 /* AppDelegate.swift */,
				4F8A63941EDF28AA00CCFA77 /* ViewController.swift */,
				4F8A63961EDF28AA00CCFA77 /* Main.storyboard */,
				4F8A63991EDF28AA00CCFA77 /* Assets.xcassets */,
				4F8A639B1EDF28AA00CCFA77 /* LaunchScreen.storyboard */,
				4F8A639E1EDF28AA00CCFA77 /* Info.plist */,
			);
			path = FoodTracker;
			sourceTree = "<group>";
		};
		4F8A63A61EDF28AA00CCFA77 /* FoodTrackerTests */ = {
			isa = PBXGroup;
			children = (
				4F8A63A71EDF28AA00CCFA77 /* FoodTrackerTests.swift */,
				4F8A63A91EDF28AA00CCFA77 /* Info.plist */,
			);
			path = FoodTrackerTests;
			sourceTree = "<group>";
		};
/* End PBXGroup section */

/* Begin PBXNativeTarget section */
		4F8A638E1EDF28A900CCFA77 /* FoodTracker */ = {
			isa = PBXNativeTarget;
			buildConfigurationList = 4F8A63AC1EDF28AA00CCFA77 /* Build configuration list for PBXNativeTarget "FoodTracker" */;
			buildPhases = (
				4F8A638B1EDF28A900CCFA77 /* Sources */,
				4F8A638C1EDF28A900CCFA77 /* Frameworks */,
				4F8A638D1EDF28A900CCFA77 /* Resources */,
			);
			buildRules = (
			);
			dependencies = (
			);
			name = FoodTracker;
			productName = FoodTracker;
			productReference = 4F8A638F1EDF28AA00CCFA77 /* FoodTracker.app */;
			productType = "com.apple.product-type.application";
		};
		4F8A63A21EDF28AA00CCFA77 /* FoodTrackerTests */ = {
			isa = PBXNativeTarget;
			buildConfigurationList = 4F8A63AF1EDF28AA00CCFA77 /* Build configuration list for PBXNativeTarget "FoodTrackerTests" */;
			buildPhases = (
				4F8A639F1EDF28AA00CCFA77 /* Sources */,
				4F8A63A01EDF28AA00CCFA77 /* Frameworks */,
				4F8A63A11EDF28AA00CCFA77 /* Resources */,
			);
			buildRules = (
			);
			dependencies = (
				4F8A63A51EDF28AA00CCFA77 /* PBXTargetDependency */,
			);
			name = FoodTrackerTests;
			productName = FoodTrackerTests;
			productReference = 4F8A63A31EDF28AA00CCFA77 /* FoodTrackerTests.xctest */;
			productType = "com.apple.product-type.bundle.unit-test";
		};
/* End PBXNativeTarget section */

/* Begin PBXProject section */
		4F8A63871EDF28A900CCFA77 /* Project object */ = {
			isa = PBXProject;
			attributes = {
				LastSwiftUpdateCheck = 0820;
				LastUpgradeCheck = 0820;
				ORGANIZATIONNAME = Ignacio;
				TargetAttributes = {
					4F8A638E1EDF28A900CCFA77 = {
						CreatedOnToolsVersion = 8.2.1;
						ProvisioningStyle = Automatic;
					};
					4F8A63A21EDF28AA00CCFA77 = {
						CreatedOnToolsVersion = 8.2.1;
						ProvisioningStyle = Automatic;
						TestTargetID = 4F8A638E1EDF28A900CCFA77;
					};
				};
			};
			buildConfigurationList = 4F8A638A1EDF28A900CCFA77 /* Build configuration list for PBXProject "FoodTracker" */;
			compatibilityVersion = "Xcode 3.2";
			developmentRegion = English;
			hasScannedForEncodings = 0;
			knownRegions = (
				en,
				Base,
			);
			mainGroup = 4F8A63861EDF28A900CCFA77;
			productRefGroup = 4F8A63901EDF28AA00CCFA77 /* Products */;
			projectDirPath = "";
			projectRoot = "";
			targets = (
				4F8A638E1EDF28A900CCFA77 /* FoodTracker */,
				4F8A63A21EDF28AA00CCFA77 /* FoodTrackerTests */,
			);
		};
/* End PBXProject section */

/* Begin PBXResourcesBuildPhase section */
		4F8A638D1EDF28A900CCFA77 /* Resources */ = {
			isa = PBXResourcesBuildPhase;
			buildActionMask = 2147483647;
			files = (
				4F8A639D1EDF28AA00CCFA77 /* LaunchScreen.storyboard in Resources */,
				4F8A639A1EDF28AA00CCFA77 /* Assets.xcassets in Resources */,
				4F8A63981EDF28AA00CCFA77 /* Main.storyboard in Resources */,
			);
			runOnlyForDeploymentPostprocessing = 0;
		};
		4F8A63A11EDF28AA00CCFA77 /* Resources */ = {
			isa = PBXResourcesBuildPhase;
			buildActionMask = 2147483647;
			files = (
			);
			runOnlyForDeploymentPostprocessing = 0;
		};
/* End PBXResourcesBuildPhase section */

/* Begin PBXSourcesBuildPhase section */
		4F8A638B1EDF28A900CCFA77 /* Sources */ = {
			isa = PBXSourcesBuildPhase;
			buildActionMask = 2147483647;
			files = (
				4F8A63951EDF28AA00CCFA77 /* ViewController.swift in Sources */,
				4F8A63931EDF28AA00CCFA77 /* AppDelegate.swift in Sources */,
			);
			runOnlyForDeploymentPostprocessing = 0;
		};
		4F8A639F1EDF28AA00CCFA77 /* Sources */ = {
			isa = PBXSourcesBuildPhase;
			buildActionMask = 2147483647;
			files = (
				4F8A63A81EDF28AA00CCFA77 /* FoodTrackerTests.swift in Sources */,
			);
			runOnlyForDeploymentPostprocessing = 0;
		};
/* End PBXSourcesBuildPhase section */

/* Begin PBXTargetDependency section */
		4F8A63A51EDF28AA00CCFA77 /* PBXTargetDependency */ = {
			isa = PBXTargetDependency;
			target = 4F8A638E1EDF28A900CCFA77 /* FoodTracker */;
			targetProxy = 4F8A63A41EDF28AA00CCFA77 /* PBXContainerItemProxy */;
		};
/* End PBXTargetDependency section */

/* Begin PBXVariantGroup section */
		4F8A63961EDF28AA00CCFA77 /* Main.storyboard */ = {
			isa = PBXVariantGroup;
			children = (
				4F8A63971EDF28AA00CCFA77 /* Base */,
			);
			name = Main.storyboard;
			sourceTree = "<group>";
		};
		4F8A639B1EDF28AA00CCFA77 /* LaunchScreen.storyboard */ = {
			isa = PBXVariantGroup;
			children = (
				4F8A639C1EDF28AA00CCFA77 /* Base */,
			);
			name = LaunchScreen.storyboard;
			sourceTree = "<group>";
		};
/* End PBXVariantGroup section */

/* Begin XCBuildConfiguration section */
		4F8A63AA1EDF28AA00CCFA77 /* Debug */ = {
			isa = XCBuildConfiguration;
			buildSettings = {
				ALWAYS_SEARCH_USER_PATHS = NO;
				CLANG_ANALYZER_NONNULL = YES;
				CLANG_CXX_LANGUAGE_STANDARD = "gnu++0x";
				CLANG_CXX_LIBRARY = "libc++";
				CLANG_ENABLE_MODULES = YES;
				CLANG_ENABLE_OBJC_ARC = YES;
				CLANG_WARN_BOOL_CONVERSION = YES;
				CLANG_WARN_CONSTANT_CONVERSION = YES;
				CLANG_WARN_DIRECT_OBJC_ISA_USAGE = YES_ERROR;
				CLANG_WARN_DOCUMENTATION_COMMENTS = YES;
				CLANG_WARN_EMPTY_BODY = YES;
				CLANG_WARN_ENUM_CONVERSION = YES;
				CLANG_WARN_INFINITE_RECURSION = YES;
				CLANG_WARN_INT_CONVERSION = YES;
				CLANG_WARN_OBJC_ROOT_CLASS = YES_ERROR;
				CLANG_WARN_SUSPICIOUS_MOVE = YES;
				CLANG_WARN_UNREACHABLE_CODE = YES;
				CLANG_WARN__DUPLICATE_METHOD_MATCH = YES;
				"CODE_SIGN_IDENTITY[sdk=iphoneos*]" = "iPhone Developer";
				COPY_PHASE_STRIP = NO;
				DEBUG_INFORMATION_FORMAT = dwarf;
				ENABLE_STRICT_OBJC_MSGSEND = YES;
				ENABLE_TESTABILITY = YES;
				GCC_C_LANGUAGE_STANDARD = gnu99;
				GCC_DYNAMIC_NO_PIC = NO;
				GCC_NO_COMMON_BLOCKS = YES;
				GCC_OPTIMIZATION_LEVEL = 0;
				GCC_PREPROCESSOR_DEFINITIONS = (
					"DEBUG=1",
					"$(inherited)",
				);
				GCC_WARN_64_TO_32_BIT_CONVERSION = YES;
				GCC_WARN_ABOUT_RETURN_TYPE = YES_ERROR;
				GCC_WARN_UNDECLARED_SELECTOR = YES;
				GCC_WARN_UNINITIALIZED_AUTOS = YES_AGGRESSIVE;
				GCC_WARN_UNUSED_FUNCTION = YES;
				GCC_WARN_UNUSED_VARIABLE = YES;
				IPHONEOS_DEPLOYMENT_TARGET = 10.2;
				MTL_ENABLE_DEBUG_INFO = YES;
				ONLY_ACTIVE_ARCH = YES;
				SDKROOT = iphoneos;
				SWIFT_ACTIVE_COMPILATION_CONDITIONS = DEBUG;
				SWIFT_OPTIMIZATION_LEVEL = "-Onone";
				TARGETED_DEVICE_FAMILY = "1,2";
			};
			name = Debug;
		};
		4F8A63AB1EDF28AA00CCFA77 /* Release */ = {
			isa = XCBuildConfiguration;
			buildSettings = {
				ALWAYS_SEARCH_USER_PATHS = NO;
				CLANG_ANALYZER_NONNULL = YES;
				CLANG_CXX_LANGUAGE_STANDARD = "gnu++0x";
				CLANG_CXX_LIBRARY = "libc++";
				CLANG_ENABLE_MODULES = YES;
				CLANG_ENABLE_OBJC_ARC = YES;
				CLANG_WARN_BOOL_CONVERSION = YES;
				CLANG_WARN_CONSTANT_CONVERSION = YES;
				CLANG_WARN_DIRECT_OBJC_ISA_USAGE = YES_ERROR;
				CLANG_WARN_DOCUMENTATION_COMMENTS = YES;
				CLANG_WARN_EMPTY_BODY = YES;
				CLANG_WARN_ENUM_CONVERSION = YES;
				CLANG_WARN_INFINITE_RECURSION = YES;
				CLANG_WARN_INT_CONVERSION = YES;
				CLANG_WARN_OBJC_ROOT_CLASS = YES_ERROR;
				CLANG_WARN_SUSPICIOUS_MOVE = YES;
				CLANG_WARN_UNREACHABLE_CODE = YES;
				CLANG_WARN__DUPLICATE_METHOD_MATCH = YES;
				"CODE_SIGN_IDENTITY[sdk=iphoneos*]" = "iPhone Developer";
				COPY_PHASE_STRIP = NO;
				DEBUG_INFORMATION_FORMAT = "dwarf-with-dsym";
				ENABLE_NS_ASSERTIONS = NO;
				ENABLE_STRICT_OBJC_MSGSEND = YES;
				GCC_C_LANGUAGE_STANDARD = gnu99;
				GCC_NO_COMMON_BLOCKS = YES;
				GCC_WARN_64_TO_32_BIT_CONVERSION = YES;
				GCC_WARN_ABOUT_RETURN_TYPE = YES_ERROR;
				GCC_WARN_UNDECLARED_SELECTOR = YES;
				GCC_WARN_UNINITIALIZED_AUTOS = YES_AGGRESSIVE;
				GCC_WARN_UNUSED_FUNCTION = YES;
				GCC_WARN_UNUSED_VARIABLE = YES;
				IPHONEOS_DEPLOYMENT_TARGET = 10.2;
				MTL_ENABLE_DEBUG_INFO = NO;
				SDKROOT = iphoneos;
				SWIFT_OPTIMIZATION_LEVEL = "-Owholemodule";
				TARGETED_DEVICE_FAMILY = "1,2";
				VALIDATE_PRODUCT = YES;
			};
			name = Release;
		};
		4F8A63AD1EDF28AA00CCFA77 /* Debug */ = {
			isa = XCBuildConfiguration;
			buildSettings = {
				ASSETCATALOG_COMPILER_APPICON_NAME = AppIcon;
				INFOPLIST_FILE = FoodTracker/Info.plist;
				LD_RUNPATH_SEARCH_PATHS = "$(inherited) @executable_path/Frameworks";
				PRODUCT_BUNDLE_IDENTIFIER = com.example.FoodTracker;
				PRODUCT_NAME = "$(TARGET_NAME)";
				SWIFT_VERSION = 3.0;
			};
			name = Debug;
		};
		4F8A63AE1EDF28AA00CCFA77 /* Release */ = {
			isa = XCBuildConfiguration;
			buildSettings = {
				ASSETCATALOG_COMPILER_APPICON_NAME = AppIcon;
				INFOPLIST_FILE = FoodTracker/Info.plist;
				LD_RUNPATH_SEARCH_PATHS = "$(inherited) @executable_path/Frameworks";
				PRODUCT_BUNDLE_IDENTIFIER = com.example.FoodTracker;
				PRODUCT_NAME = "$(TARGET_NAME)";
				SWIFT_VERSION = 3.0;
			};
			name = Release;
		};
		4F8A63B01EDF28AA00CCFA77 /* Debug */ = {
			isa = XCBuildConfiguration;
			buildSettings = {
				ALWAYS_EMBED_SWIFT_STANDARD_LIBRARIES = YES;
				BUNDLE_LOADER = "$(TEST_HOST)";
				INFOPLIST_FILE = FoodTrackerTests/Info.plist;
				LD_RUNPATH_SEARCH_PATHS = "$(inherited) @executable_path/Frameworks @loader_path/Frameworks";
				PRODUCT_BUNDLE_IDENTIFIER = com.example.FoodTrackerTests;
				PRODUCT_NAME = "$(TARGET_NAME)";
				SWIFT_VERSION = 3.0;
				TEST_HOST = "$(BUILT_PRODUCTS_DIR)/FoodTracker.app/FoodTracker";
			};
			name = Debug;
		};
		4F8A63B11EDF28AA00CCFA77 /* Release */ = {
			isa = XCBuildConfiguration;
			buildSettings = {
				ALWAYS_EMBED_SWIFT_STANDARD_LIBRARIES = YES;
				BUNDLE_LOADER = "$(TEST_HOST)";
				INFOPLIST_FILE = FoodTrackerTests/Info.plist;
				LD_RUNPATH_SEARCH_PATHS = "$(inherited) @executable_path/Frameworks @loader_path/Frameworks";
				PRODUCT_BUNDLE_IDENTIFIER = com.example.FoodTrackerTests;
				PRODUCT_NAME = "$(TARGET_NAME)";
				SWIFT_VERSION = 3.0;
				TEST_HOST = "$(BUILT_PRODUCTS_DIR)/FoodTracker.app/FoodTracker";
			};
			name = Release;
		};
/* End XCBuildConfiguration section */

/* Begin XCConfigurationList section */
		4F8A638A1EDF28A900CCFA77 /* Build configuration list for PBXProject "FoodTracker" */ = {
			isa = XCConfigurationList;
			buildConfigurations = (
				4F8A63AA1EDF28AA00CCFA77 /* Debug */,
				4F8A63AB1EDF28AA00CCFA77 /* Release */,
			);
			defaultConfigurationIsVisible = 0;
			defaultConfigurationName = Release;
		};
		4F8A63AC1EDF28AA00CCFA77 /* Build configuration list for PBXNativeTarget "FoodTracker" */ = {
			isa = XCConfigurationList;
			buildConfigurations = (
				4F8A63AD1EDF28AA00CCFA77 /* Debug */,
				4F8A63AE1EDF28AA00CCFA77 /* Release */,
			);
			defaultConfigurationIsVisible = 0;
		};
		4F8A63AF1EDF28AA00CCFA77 /* Build configuration list for PBXNativeTarget "FoodTrackerTests" */ = {
			isa = XCConfigurationList;
			buildConfigurations = (
				4F8A63B01EDF28AA00CCFA77 /* Debug */,
				4F8A63B11EDF28AA00CCFA77 /* Release */,
			);
			defaultConfigurationIsVisible = 0;
		};
/* End XCConfigurationList section */
	};
	rootObject = 4F8A63871EDF28A900CCFA77 /* Project object */;
}
